<?xml version="1.0" encoding="utf-8"?>
<Project ToolsVersion="4.0" xmlns="http://schemas.microsoft.com/developer/msbuild/2003">
  <ItemGroup>
    <Filter Include="Исходные файлы">
      <UniqueIdentifier>{4FC737F1-C7A5-4376-A066-2A32D752A2FF}</UniqueIdentifier>
      <Extensions>cpp;c;cc;cxx;c++;cppm;ixx;def;odl;idl;hpj;bat;asm;asmx</Extensions>
    </Filter>
    <Filter Include="Файлы заголовков">
      <UniqueIdentifier>{93995380-89BD-4b04-88EB-625FBE52EBFB}</UniqueIdentifier>
      <Extensions>h;hh;hpp;hxx;h++;hm;inl;inc;ipp;xsd</Extensions>
    </Filter>
    <Filter Include="Файлы ресурсов">
      <UniqueIdentifier>{67DA6AB6-F800-4c08-8B7A-83BB121AAD01}</UniqueIdentifier>
      <Extensions>rc;ico;cur;bmp;dlg;rc2;rct;bin;rgs;gif;jpg;jpeg;jpe;resx;tiff;tif;png;wav;mfcribbon-ms</Extensions>
    </Filter>
    <Filter Include="Исходные файлы\include">
      <UniqueIdentifier>{0de59806-4328-41b4-813f-6dc68a9afd36}</UniqueIdentifier>
    </Filter>
    <Filter Include="Исходные файлы\camera">
      <UniqueIdentifier>{39a3402c-28ed-4ccb-a8b5-20453151a887}</UniqueIdentifier>
    </Filter>
    <Filter Include="Исходные файлы\light">
      <UniqueIdentifier>{db37d5cc-eca6-4b53-aa27-7da87b8f0bf1}</UniqueIdentifier>
    </Filter>
    <Filter Include="Исходные файлы\model">
      <UniqueIdentifier>{1e056f0b-1afc-453e-abc0-d26d87548f05}</UniqueIdentifier>
    </Filter>
    <Filter Include="Исходные файлы\shader">
      <UniqueIdentifier>{6dd3b159-531c-4e17-9deb-0e2ad976ccb1}</UniqueIdentifier>
    </Filter>
    <Filter Include="Исходные файлы\utility">
      <UniqueIdentifier>{ef1c213d-a4f9-41b1-b317-3d948a30cef2}</UniqueIdentifier>
    </Filter>
    <Filter Include="Исходные файлы\window">
      <UniqueIdentifier>{6396acd5-d52b-4413-8c96-b08566845492}</UniqueIdentifier>
    </Filter>
    <Filter Include="Исходные файлы\world">
      <UniqueIdentifier>{620c4345-0392-40ce-9cde-ab6935be765a}</UniqueIdentifier>
    </Filter>
    <Filter Include="Файлы ресурсов\shaders">
      <UniqueIdentifier>{570c4a12-a73f-475e-91d5-c09b14f50206}</UniqueIdentifier>
    </Filter>
    <Filter Include="Исходные файлы\renderer">
      <UniqueIdentifier>{e9829f59-ca48-4162-8fdb-ce6da255b840}</UniqueIdentifier>
    </Filter>
    <Filter Include="Исходные файлы\textures">
      <UniqueIdentifier>{396f55e6-75d5-495e-94da-b1e669dd791c}</UniqueIdentifier>
    </Filter>
  </ItemGroup>
  <ItemGroup>
    <ClCompile Include="include\glad.c">
      <Filter>Исходные файлы\include</Filter>
    </ClCompile>
    <ClCompile Include="source\Main.cpp">
      <Filter>Исходные файлы</Filter>
    </ClCompile>
    <ClCompile Include="source\camera\Camera.cpp">
      <Filter>Исходные файлы\camera</Filter>
    </ClCompile>
    <ClCompile Include="source\shader\Shader.cpp">
      <Filter>Исходные файлы\shader</Filter>
    </ClCompile>
    <ClCompile Include="source\world\LightCube.h">
      <Filter>Исходные файлы\world</Filter>
    </ClCompile>
    <ClCompile Include="source\model\VAOBuilder.cpp">
      <Filter>Исходные файлы\model</Filter>
    </ClCompile>
    <ClCompile Include="source\shader\ShaderLoader.cpp">
      <Filter>Исходные файлы\shader</Filter>
    </ClCompile>
    <ClCompile Include="source\utility\FilePaths.cpp">
      <Filter>Исходные файлы\utility</Filter>
    </ClCompile>
    <ClCompile Include="source\renderer\Renderer.cpp">
      <Filter>Исходные файлы\renderer</Filter>
    </ClCompile>
    <ClCompile Include="source\textures\TexturesLoader.cpp">
      <Filter>Исходные файлы\textures</Filter>
    </ClCompile>
    <ClCompile Include="source\textures\Texture.cpp">
      <Filter>Исходные файлы\textures</Filter>
    </ClCompile>
    <ClCompile Include="source\textures\CubeMap.cpp">
      <Filter>Исходные файлы\textures</Filter>
    </ClCompile>
  </ItemGroup>
  <ItemGroup>
    <ClInclude Include="include\stb_image.h">
      <Filter>Файлы заголовков</Filter>
    </ClInclude>
    <ClInclude Include="source\camera\Camera.h">
      <Filter>Исходные файлы\camera</Filter>
    </ClInclude>
    <ClInclude Include="source\light\AmbientLight.h">
      <Filter>Исходные файлы\light</Filter>
    </ClInclude>
    <ClInclude Include="source\light\AttenuatedLight.h">
      <Filter>Исходные файлы\light</Filter>
    </ClInclude>
    <ClInclude Include="source\light\BaseLight.h">
      <Filter>Исходные файлы\light</Filter>
    </ClInclude>
    <ClInclude Include="source\light\ColoredLight.h">
      <Filter>Исходные файлы\light</Filter>
    </ClInclude>
    <ClInclude Include="source\light\DirectionalLight.h">
      <Filter>Исходные файлы\light</Filter>
    </ClInclude>
    <ClInclude Include="source\light\PointLight.h">
      <Filter>Исходные файлы\light</Filter>
    </ClInclude>
    <ClInclude Include="source\light\PositionedLight.h">
      <Filter>Исходные файлы\light</Filter>
    </ClInclude>
    <ClInclude Include="source\light\SpotLight.h">
      <Filter>Исходные файлы\light</Filter>
    </ClInclude>
    <ClInclude Include="source\model\Mesh.h">
      <Filter>Исходные файлы\model</Filter>
    </ClInclude>
    <ClInclude Include="source\model\Model.h">
      <Filter>Исходные файлы\model</Filter>
    </ClInclude>
    <ClInclude Include="source\model\StaticFigures.h">
      <Filter>Исходные файлы\model</Filter>
    </ClInclude>
    <ClInclude Include="source\shader\Shader.h">
      <Filter>Исходные файлы\shader</Filter>
    </ClInclude>
    <ClInclude Include="source\model\ModelTransformations.h">
      <Filter>Исходные файлы\model</Filter>
    </ClInclude>
    <ClInclude Include="source\world\Cube.h">
      <Filter>Исходные файлы\world</Filter>
    </ClInclude>
    <ClInclude Include="source\model\VOsAndIndices.h">
      <Filter>Исходные файлы\model</Filter>
    </ClInclude>
    <ClInclude Include="source\model\VAOBuilder.h">
      <Filter>Исходные файлы\model</Filter>
    </ClInclude>
    <ClInclude Include="source\world\WorldObject.h">
      <Filter>Исходные файлы\world</Filter>
    </ClInclude>
    <ClInclude Include="source\world\DrawableObject.h">
      <Filter>Исходные файлы\world</Filter>
    </ClInclude>
    <ClInclude Include="source\shader\ShaderLoader.h">
      <Filter>Исходные файлы\shader</Filter>
    </ClInclude>
    <ClInclude Include="source\utility\FilePaths.h">
      <Filter>Исходные файлы\utility</Filter>
    </ClInclude>
    <ClInclude Include="source\renderer\Renderer.h">
      <Filter>Исходные файлы\renderer</Filter>
    </ClInclude>
    <ClInclude Include="source\world\Ground.h">
      <Filter>Исходные файлы\world</Filter>
    </ClInclude>
    <ClInclude Include="source\textures\Texture.h">
      <Filter>Исходные файлы\textures</Filter>
    </ClInclude>
    <ClInclude Include="source\textures\TexturesLoader.h">
      <Filter>Исходные файлы\textures</Filter>
    </ClInclude>
    <ClInclude Include="source\textures\CubeMap.h">
      <Filter>Исходные файлы\textures</Filter>
    </ClInclude>
  </ItemGroup>
  <ItemGroup>
    <None Include="resources\shaders\lightCube.vert">
      <Filter>Файлы ресурсов\shaders</Filter>
    </None>
    <None Include="resources\shaders\lightCubeWithExplosion.frag">
      <Filter>Файлы ресурсов\shaders</Filter>
    </None>
    <None Include="resources\shaders\lightCubeWithExplosion.geom">
      <Filter>Файлы ресурсов\shaders</Filter>
    </None>
    <None Include="resources\shaders\lightCubeWithExplosion.vert">
      <Filter>Файлы ресурсов\shaders</Filter>
    </None>
    <None Include="resources\shaders\screenRenderQuadShader.frag">
      <Filter>Файлы ресурсов\shaders</Filter>
    </None>
    <None Include="resources\shaders\screenRenderQuadShader.vert">
      <Filter>Файлы ресурсов\shaders</Filter>
    </None>
    <None Include="resources\shaders\screenRenderQuadShaderWithHDR.frag">
      <Filter>Файлы ресурсов\shaders</Filter>
    </None>
    <None Include="resources\shaders\screenRenderQuadShaderWithHDR.vert">
      <Filter>Файлы ресурсов\shaders</Filter>
    </None>
    <None Include="resources\shaders\screenRenderQuadShaderWithKernel.frag">
      <Filter>Файлы ресурсов\shaders</Filter>
    </None>
    <None Include="resources\shaders\screenRenderQuadShaderWithKernel.vert">
      <Filter>Файлы ресурсов\shaders</Filter>
    </None>
    <None Include="resources\shaders\shaderSingleColor.frag">
      <Filter>Файлы ресурсов\shaders</Filter>
    </None>
    <None Include="resources\shaders\shaderSingleColor.vert">
      <Filter>Файлы ресурсов\shaders</Filter>
    </None>
    <None Include="resources\shaders\skybox.frag">
      <Filter>Файлы ресурсов\shaders</Filter>
    </None>
    <None Include="resources\shaders\skybox.vert">
      <Filter>Файлы ресурсов\shaders</Filter>
    </None>
    <None Include="resources\shaders\backpack_mixLight.frag">
      <Filter>Файлы ресурсов\shaders</Filter>
    </None>
    <None Include="resources\shaders\backpack_mixLight.vert">
      <Filter>Файлы ресурсов\shaders</Filter>
    </None>
    <None Include="resources\shaders\backpack_mixLightWithExplosion.frag">
      <Filter>Файлы ресурсов\shaders</Filter>
    </None>
    <None Include="resources\shaders\backpack_mixLightWithExplosion.geom">
      <Filter>Файлы ресурсов\shaders</Filter>
    </None>
    <None Include="resources\shaders\backpack_mixLightWithExplosion.vert">
      <Filter>Файлы ресурсов\shaders</Filter>
    </None>
    <None Include="resources\shaders\cube_mixLight.frag">
      <Filter>Файлы ресурсов\shaders</Filter>
    </None>
    <None Include="resources\shaders\cube_mixLight.vert">
      <Filter>Файлы ресурсов\shaders</Filter>
    </None>
    <None Include="resources\shaders\lightCube.frag">
      <Filter>Файлы ресурсов\shaders</Filter>
    </None>
    <None Include="resources\shaders\screenRenderQuadShaderWithBlur.frag">
      <Filter>Файлы ресурсов\shaders</Filter>
    </None>
    <None Include="resources\shaders\screenRenderQuadShaderWithBlur.vert">
      <Filter>Файлы ресурсов\shaders</Filter>
    </None>
    <None Include="resources\shaders\groundQuad_mixLight.frag">
      <Filter>Файлы ресурсов\shaders</Filter>
    </None>
    <None Include="resources\shaders\groundQuad_mixLight.vert">
      <Filter>Файлы ресурсов\shaders</Filter>
    </None>
  </ItemGroup>
</Project>