<?xml version="1.0" encoding="utf-8"?>
<Project ToolsVersion="4.0" xmlns="http://schemas.microsoft.com/developer/msbuild/2003">
  <ItemGroup>
    <Filter Include="Исходные файлы">
      <UniqueIdentifier>{4FC737F1-C7A5-4376-A066-2A32D752A2FF}</UniqueIdentifier>
      <Extensions>cpp;c;cc;cxx;c++;cppm;ixx;def;odl;idl;hpj;bat;asm;asmx</Extensions>
    </Filter>
    <Filter Include="Файлы заголовков">
      <UniqueIdentifier>{93995380-89BD-4b04-88EB-625FBE52EBFB}</UniqueIdentifier>
      <Extensions>h;hh;hpp;hxx;h++;hm;inl;inc;ipp;xsd</Extensions>
    </Filter>
    <Filter Include="Файлы ресурсов">
      <UniqueIdentifier>{67DA6AB6-F800-4c08-8B7A-83BB121AAD01}</UniqueIdentifier>
      <Extensions>rc;ico;cur;bmp;dlg;rc2;rct;bin;rgs;gif;jpg;jpeg;jpe;resx;tiff;tif;png;wav;mfcribbon-ms</Extensions>
    </Filter>
    <Filter Include="shaders">
      <UniqueIdentifier>{523184c5-ea10-4f66-9250-1bbe7f857291}</UniqueIdentifier>
    </Filter>
    <Filter Include="Исходные файлы\classes">
      <UniqueIdentifier>{bb55530a-8024-496b-b541-fb92f1e51356}</UniqueIdentifier>
    </Filter>
    <Filter Include="Исходные файлы\include">
      <UniqueIdentifier>{0de59806-4328-41b4-813f-6dc68a9afd36}</UniqueIdentifier>
    </Filter>
    <Filter Include="Исходные файлы\interfaces">
      <UniqueIdentifier>{3c36dd5a-2c98-4aa6-8514-57053ee14f90}</UniqueIdentifier>
    </Filter>
    <Filter Include="Исходные файлы\classes\Lights">
      <UniqueIdentifier>{078e8370-1f18-4983-99f5-cbfdbc4014e6}</UniqueIdentifier>
    </Filter>
  </ItemGroup>
  <ItemGroup>
    <ClCompile Include="classes\Camera.cpp">
      <Filter>Исходные файлы</Filter>
    </ClCompile>
    <ClCompile Include="classes\Shader.cpp">
      <Filter>Исходные файлы\classes</Filter>
    </ClCompile>
    <ClCompile Include="include\glad.c">
      <Filter>Исходные файлы\include</Filter>
    </ClCompile>
    <ClCompile Include="Source.cpp">
      <Filter>Исходные файлы</Filter>
    </ClCompile>
  </ItemGroup>
  <ItemGroup>
    <ClInclude Include="classes\Camera.h">
      <Filter>Файлы заголовков</Filter>
    </ClInclude>
    <ClInclude Include="classes\Shader.h">
      <Filter>Файлы заголовков</Filter>
    </ClInclude>
    <ClInclude Include="include\stb_image.h">
      <Filter>Файлы заголовков</Filter>
    </ClInclude>
    <ClInclude Include="Mesh.h">
      <Filter>Файлы заголовков</Filter>
    </ClInclude>
    <ClInclude Include="Model.h">
      <Filter>Файлы заголовков</Filter>
    </ClInclude>
    <ClInclude Include="AttenuatedLight.h">
      <Filter>Исходные файлы\classes\Lights</Filter>
    </ClInclude>
    <ClInclude Include="BaseLight.h">
      <Filter>Исходные файлы\classes\Lights</Filter>
    </ClInclude>
    <ClInclude Include="PositionedLight.h">
      <Filter>Исходные файлы\classes\Lights</Filter>
    </ClInclude>
    <ClInclude Include="PointLight.h">
      <Filter>Исходные файлы\classes\Lights</Filter>
    </ClInclude>
    <ClInclude Include="ColoredLight.h">
      <Filter>Исходные файлы\classes\Lights</Filter>
    </ClInclude>
    <ClInclude Include="DirectionalLight.h">
      <Filter>Исходные файлы\classes\Lights</Filter>
    </ClInclude>
    <ClInclude Include="SpotLight.h">
      <Filter>Исходные файлы\classes\Lights</Filter>
    </ClInclude>
    <ClInclude Include="AmbientLight.h">
      <Filter>Исходные файлы\classes\Lights</Filter>
    </ClInclude>
    <ClInclude Include="StaticFigures.h">
      <Filter>Исходные файлы\classes</Filter>
    </ClInclude>
    <ClInclude Include="Cube.h">
      <Filter>Исходные файлы\classes</Filter>
    </ClInclude>
  </ItemGroup>
  <ItemGroup>
    <None Include="shaders\basic.frag">
      <Filter>shaders</Filter>
    </None>
    <None Include="shaders\basic.vert">
      <Filter>shaders</Filter>
    </None>
    <None Include="shaders\cube.vert">
      <Filter>shaders</Filter>
    </None>
    <None Include="shaders\lightCube.frag">
      <Filter>shaders</Filter>
    </None>
    <None Include="shaders\cube_parallelLight.frag">
      <Filter>shaders</Filter>
    </None>
    <None Include="shaders\cube_pointLight.frag">
      <Filter>shaders</Filter>
    </None>
    <None Include="shaders\cube_spotLight.frag">
      <Filter>shaders</Filter>
    </None>
    <None Include="shaders\cube_mixLight.frag">
      <Filter>shaders</Filter>
    </None>
    <None Include="shaders\backpack_mixLight.frag">
      <Filter>shaders</Filter>
    </None>
    <None Include="shaders\backpack_mixLight.vert">
      <Filter>shaders</Filter>
    </None>
    <None Include="shaders\backpack_mixLight_new.frag">
      <Filter>shaders</Filter>
    </None>
    <None Include="shaders\backpack_mixLight_new.vert">
      <Filter>shaders</Filter>
    </None>
    <None Include="shaders\lightCube.vert">
      <Filter>shaders</Filter>
    </None>
    <None Include="shaders\shaderSingleColor.frag">
      <Filter>shaders</Filter>
    </None>
    <None Include="shaders\shaderSingleColor.vert">
      <Filter>shaders</Filter>
    </None>
  </ItemGroup>
</Project>